{
  "name": "clawdbot-go",
  "version": "1.0.2",
  "lockfileVersion": 3,
  "requires": true,
  "packages": {
    "": {
      "name": "clawdbot-go",
      "version": "1.0.2",
      "hasInstallScript": true,
      "license": "MIT",
      "bin": {
        "clawdbot-go": "bin/clawdbot-go.js",
        "clawdbot-stack": "bin/clawdbot-go.js",
        "zero-clawd": "bin/clawdbot-go.js"
      },
      "engines": {
        "node": ">=18.18"
      }
    }
  }
}
